
Microsoft Visual Studio Solution File, Format Version 12.00
# Visual Studio 15
VisualStudioVersion = 15.0.28307.1401
MinimumVisualStudioVersion = 10.0.40219.1
Project("{FAE04EC0-301F-11D3-BF4B-00C04F79EFBC}") = "EmployeeWebAPI", "EmployeeWebAPI\EmployeeWebAPI.csproj", "{213276C0-3028-4DBF-8810-0627C83A5CC1}"
EndProject
Project("{FAE04EC0-301F-11D3-BF4B-00C04F79EFBC}") = "EmployeeDataAccess", "EmployeeDataAccess\EmployeeDataAccess.csproj", "{85C8B1C5-195C-4CB5-89C7-992CAD6611F8}"
EndProject
Global
	GlobalSection(SolutionConfigurationPlatforms) = preSolution
		Debug|Any CPU = Debug|Any CPU
		Release|Any CPU = Release|Any CPU
	EndGlobalSection
	GlobalSection(ProjectConfigurationPlatforms) = postSolution
		{213276C0-3028-4DBF-8810-0627C83A5CC1}.Debug|Any CPU.ActiveCfg = Debug|Any CPU
		{213276C0-3028-4DBF-8810-0627C83A5CC1}.Debug|Any CPU.Build.0 = Debug|Any CPU
		{213276C0-3028-4DBF-8810-0627C83A5CC1}.Release|Any CPU.ActiveCfg = Release|Any CPU
		{213276C0-3028-4DBF-8810-0627C83A5CC1}.Release|Any CPU.Build.0 = Release|Any CPU
		{85C8B1C5-195C-4CB5-89C7-992CAD6611F8}.Debug|Any CPU.ActiveCfg = Debug|Any CPU
		{85C8B1C5-195C-4CB5-89C7-992CAD6611F8}.Debug|Any CPU.Build.0 = Debug|Any CPU
		{85C8B1C5-195C-4CB5-89C7-992CAD6611F8}.Release|Any CPU.ActiveCfg = Release|Any CPU
		{85C8B1C5-195C-4CB5-89C7-992CAD6611F8}.Release|Any CPU.Build.0 = Release|Any CPU
	EndGlobalSection
	GlobalSection(SolutionProperties) = preSolution
		HideSolutionNode = FALSE
	EndGlobalSection
	GlobalSection(ExtensibilityGlobals) = postSolution
		SolutionGuid = {BA47EA28-62F9-4635-B408-7A812F8EECC4}
	EndGlobalSection
EndGlobal
